# Code generated by scarb DO NOT EDIT.
version = 1

[[package]]
name = "openzeppelin"
version = "0.15.0-rc.0"
source = "git+https://github.com/OpenZeppelin/cairo-contracts.git?tag=v0.15.0-rc.0#6869190bbc3eef90f49651a42e0b44dcc4bec842"

[[package]]
name = "pragma_lib"
version = "1.0.0"
source = "git+https://github.com/astraly-labs/pragma-lib#fe9a46743254182ac331da488ccfc05e0185cdd0"

[[package]]
name = "runaway"
version = "0.1.0"
dependencies = [
 "openzeppelin",
 "pragma_lib",
]
